# This is a Gradle generated file for dependency locking.
# Manual edits can break the build and are not advised.
# This file is expected to be part of source control.
ch.qos.logback:logback-classic:1.5.34=compileClasspath,testCompileClasspath,testRuntimeClasspath
ch.qos.logback:logback-core:1.5.34=compileClasspath,testCompileClasspath,testRuntimeClasspath
com.fasterxml.jackson.core:jackson-annotations:2.21=compileClasspath,testCompileClasspath,testRuntimeClasspath
github.benslabbert.vdw.codegen:logging:4.85.0=compileClasspath,testCompileClasspath,testRuntimeClasspath
net.bytebuddy:byte-buddy-agent:1.17.7=testCompileClasspath,testRuntimeClasspath
net.bytebuddy:byte-buddy:1.17.7=testCompileClasspath,testRuntimeClasspath
org.flywaydb:flyway-core:12.8.1=compileClasspath,testCompileClasspath,testRuntimeClasspath
org.flywaydb:flyway-database-postgresql:12.8.1=compileClasspath,testCompileClasspath,testRuntimeClasspath
org.mockito:mockito-core:5.23.0=mockitoAgent,testCompileClasspath,testRuntimeClasspath
org.objenesis:objenesis:3.3=testRuntimeClasspath
org.slf4j:slf4j-api:2.0.18=compileClasspath,testCompileClasspath,testRuntimeClasspath
tools.jackson.core:jackson-core:3.1.1=compileClasspath,testCompileClasspath,testRuntimeClasspath
tools.jackson.core:jackson-databind:3.1.1=compileClasspath,testCompileClasspath,testRuntimeClasspath
tools.jackson:jackson-bom:3.1.1=compileClasspath,testCompileClasspath,testRuntimeClasspath
empty=annotationProcessor,testAnnotationProcessor
